
Microsoft Visual Studio Solution File, Format Version 12.00
# Visual Studio 15
VisualStudioVersion = 15.0.27703.2047
MinimumVisualStudioVersion = 10.0.40219.1
Project("{FAE04EC0-301F-11D3-BF4B-00C04F79EFBC}") = "FileReading", "FileReading\FileReading.csproj", "{7F9E0AD3-BC13-4536-AAC2-E6BE1679EB64}"
EndProject
Project("{FAE04EC0-301F-11D3-BF4B-00C04F79EFBC}") = "FileReadingUnitTest", "FileReadingUnitTest\FileReadingUnitTest.csproj", "{CA071CD2-3377-49E7-8A21-C7A2AC206624}"
EndProject
Global
	GlobalSection(SolutionConfigurationPlatforms) = preSolution
		Debug|Any CPU = Debug|Any CPU
		Release|Any CPU = Release|Any CPU
	EndGlobalSection
	GlobalSection(ProjectConfigurationPlatforms) = postSolution
		{7F9E0AD3-BC13-4536-AAC2-E6BE1679EB64}.Debug|Any CPU.ActiveCfg = Debug|Any CPU
		{7F9E0AD3-BC13-4536-AAC2-E6BE1679EB64}.Debug|Any CPU.Build.0 = Debug|Any CPU
		{7F9E0AD3-BC13-4536-AAC2-E6BE1679EB64}.Release|Any CPU.ActiveCfg = Release|Any CPU
		{7F9E0AD3-BC13-4536-AAC2-E6BE1679EB64}.Release|Any CPU.Build.0 = Release|Any CPU
		{CA071CD2-3377-49E7-8A21-C7A2AC206624}.Debug|Any CPU.ActiveCfg = Debug|Any CPU
		{CA071CD2-3377-49E7-8A21-C7A2AC206624}.Debug|Any CPU.Build.0 = Debug|Any CPU
		{CA071CD2-3377-49E7-8A21-C7A2AC206624}.Release|Any CPU.ActiveCfg = Release|Any CPU
		{CA071CD2-3377-49E7-8A21-C7A2AC206624}.Release|Any CPU.Build.0 = Release|Any CPU
	EndGlobalSection
	GlobalSection(SolutionProperties) = preSolution
		HideSolutionNode = FALSE
	EndGlobalSection
	GlobalSection(ExtensibilityGlobals) = postSolution
		SolutionGuid = {C404E554-E9CB-46C5-AEB0-FB80179CA870}
	EndGlobalSection
EndGlobal
